
Microsoft Visual Studio Solution File, Format Version 12.00
# Visual Studio Version 17
VisualStudioVersion = 17.10.34902.84
MinimumVisualStudioVersion = 10.0.40219.1
Project("{8BC9CEB8-8B4A-11D0-8D11-00A0C91BC942}") = "laba5", "laba5\laba5.vcxproj", "{4EF389CE-0824-4E22-8F81-ED782032C79C}"
EndProject
Global
	GlobalSection(SolutionConfigurationPlatforms) = preSolution
		Debug|x64 = Debug|x64
		Debug|x86 = Debug|x86
		Release|x64 = Release|x64
		Release|x86 = Release|x86
	EndGlobalSection
	GlobalSection(ProjectConfigurationPlatforms) = postSolution
		{4EF389CE-0824-4E22-8F81-ED782032C79C}.Debug|x64.ActiveCfg = Debug|x64
		{4EF389CE-0824-4E22-8F81-ED782032C79C}.Debug|x64.Build.0 = Debug|x64
		{4EF389CE-0824-4E22-8F81-ED782032C79C}.Debug|x86.ActiveCfg = Debug|Win32
		{4EF389CE-0824-4E22-8F81-ED782032C79C}.Debug|x86.Build.0 = Debug|Win32
		{4EF389CE-0824-4E22-8F81-ED782032C79C}.Release|x64.ActiveCfg = Release|x64
		{4EF389CE-0824-4E22-8F81-ED782032C79C}.Release|x64.Build.0 = Release|x64
		{4EF389CE-0824-4E22-8F81-ED782032C79C}.Release|x86.ActiveCfg = Release|Win32
		{4EF389CE-0824-4E22-8F81-ED782032C79C}.Release|x86.Build.0 = Release|Win32
	EndGlobalSection
	GlobalSection(SolutionProperties) = preSolution
		HideSolutionNode = FALSE
	EndGlobalSection
	GlobalSection(ExtensibilityGlobals) = postSolution
		SolutionGuid = {BE3FB286-1C2D-4542-BE22-F72E592C579C}
	EndGlobalSection
EndGlobal
